// !$*UTF8*$!
{
	archiveVersion = 1;
	classes = {
	};
	objectVersion = 56;
	objects = {

/* Begin PBXBuildFile section */
		C1F986E72AF9D168005CF436 /* Stop_watchApp.swift in Sources */ = {isa = PBXBuildFile; fileRef = C1F986E62AF9D168005CF436 /* Stop_watchApp.swift */; };
		C1F986E92AF9D168005CF436 /* ContentView.swift in Sources */ = {isa = PBXBuildFile; fileRef = C1F986E82AF9D168005CF436 /* ContentView.swift */; };
		C1F986EB2AF9D16A005CF436 /* Assets.xcassets in Resources */ = {isa = PBXBuildFile; fileRef = C1F986EA2AF9D16A005CF436 /* Assets.xcassets */; };
		C1F986EE2AF9D16A005CF436 /* Preview Assets.xcassets in Resources */ = {isa = PBXBuildFile; fileRef = C1F986ED2AF9D16A005CF436 /* Preview Assets.xcassets */; };
		C1F986F82AF9D16A005CF436 /* Stop_watchTests.swift in Sources */ = {isa = PBXBuildFile; fileRef = C1F986F72AF9D16A005CF436 /* Stop_watchTests.swift */; };
		C1F987022AF9D16A005CF436 /* Stop_watchUITests.swift in Sources */ = {isa = PBXBuildFile; fileRef = C1F987012AF9D16A005CF436 /* Stop_watchUITests.swift */; };
		C1F987042AF9D16A005CF436 /* Stop_watchUITestsLaunchTests.swift in Sources */ = {isa = PBXBuildFile; fileRef = C1F987032AF9D16A005CF436 /* Stop_watchUITestsLaunchTests.swift */; };
		C1F987112AF9D7AF005CF436 /* CircleButtonView.swift in Sources */ = {isa = PBXBuildFile; fileRef = C1F987102AF9D7AF005CF436 /* CircleButtonView.swift */; };
/* End PBXBuildFile section */

/* Begin PBXContainerItemProxy section */
		C1F986F42AF9D16A005CF436 /* PBXContainerItemProxy */ = {
			isa = PBXContainerItemProxy;
			containerPortal = C1F986DB2AF9D168005CF436 /* Project object */;
			proxyType = 1;
			remoteGlobalIDString = C1F986E22AF9D168005CF436;
			remoteInfo = "Stop watch";
		};
		C1F986FE2AF9D16A005CF436 /* PBXContainerItemProxy */ = {
			isa = PBXContainerItemProxy;
			containerPortal = C1F986DB2AF9D168005CF436 /* Project object */;
			proxyType = 1;
			remoteGlobalIDString = C1F986E22AF9D168005CF436;
			remoteInfo = "Stop watch";
		};
/* End PBXContainerItemProxy section */

/* Begin PBXFileReference section */
		C1F986E32AF9D168005CF436 /* Stop watch.app */ = {isa = PBXFileReference; explicitFileType = wrapper.application; includeInIndex = 0; path = "Stop watch.app"; sourceTree = BUILT_PRODUCTS_DIR; };
		C1F986E62AF9D168005CF436 /* Stop_watchApp.swift */ = {isa = PBXFileReference; lastKnownFileType = sourcecode.swift; path = Stop_watchApp.swift; sourceTree = "<group>"; };
		C1F986E82AF9D168005CF436 /* ContentView.swift */ = {isa = PBXFileReference; lastKnownFileType = sourcecode.swift; path = ContentView.swift; sourceTree = "<group>"; };
		C1F986EA2AF9D16A005CF436 /* Assets.xcassets */ = {isa = PBXFileReference; lastKnownFileType = folder.assetcatalog; path = Assets.xcassets; sourceTree = "<group>"; };
		C1F986ED2AF9D16A005CF436 /* Preview Assets.xcassets */ = {isa = PBXFileReference; lastKnownFileType = folder.assetcatalog; path = "Preview Assets.xcassets"; sourceTree = "<group>"; };
		C1F986F32AF9D16A005CF436 /* Stop watchTests.xctest */ = {isa = PBXFileReference; explicitFileType = wrapper.cfbundle; includeInIndex = 0; path = "Stop watchTests.xctest"; sourceTree = BUILT_PRODUCTS_DIR; };
		C1F986F72AF9D16A005CF436 /* Stop_watchTests.swift */ = {isa = PBXFileReference; lastKnownFileType = sourcecode.swift; path = Stop_watchTests.swift; sourceTree = "<group>"; };
		C1F986FD2AF9D16A005CF436 /* Stop watchUITests.xctest */ = {isa = PBXFileReference; explicitFileType = wrapper.cfbundle; includeInIndex = 0; path = "Stop watchUITests.xctest"; sourceTree = BUILT_PRODUCTS_DIR; };
		C1F987012AF9D16A005CF436 /* Stop_watchUITests.swift */ = {isa = PBXFileReference; lastKnownFileType = sourcecode.swift; path = Stop_watchUITests.swift; sourceTree = "<group>"; };
		C1F987032AF9D16A005CF436 /* Stop_watchUITestsLaunchTests.swift */ = {isa = PBXFileReference; lastKnownFileType = sourcecode.swift; path = Stop_watchUITestsLaunchTests.swift; sourceTree = "<group>"; };
		C1F987102AF9D7AF005CF436 /* CircleButtonView.swift */ = {isa = PBXFileReference; lastKnownFileType = sourcecode.swift; path = CircleButtonView.swift; sourceTree = "<group>"; };
/* End PBXFileReference section */

/* Begin PBXFrameworksBuildPhase section */
		C1F986E02AF9D168005CF436 /* Frameworks */ = {
			isa = PBXFrameworksBuildPhase;
			buildActionMask = 2147483647;
			files = (
			);
			runOnlyForDeploymentPostprocessing = 0;
		};
		C1F986F02AF9D16A005CF436 /* Frameworks */ = {
			isa = PBXFrameworksBuildPhase;
			buildActionMask = 2147483647;
			files = (
			);
			runOnlyForDeploymentPostprocessing = 0;
		};
		C1F986FA2AF9D16A005CF436 /* Frameworks */ = {
			isa = PBXFrameworksBuildPhase;
			buildActionMask = 2147483647;
			files = (
			);
			runOnlyForDeploymentPostprocessing = 0;
		};
/* End PBXFrameworksBuildPhase section */

/* Begin PBXGroup section */
		C1F986DA2AF9D168005CF436 = {
			isa = PBXGroup;
			children = (
				C1F986E52AF9D168005CF436 /* Stop watch */,
				C1F986F62AF9D16A005CF436 /* Stop watchTests */,
				C1F987002AF9D16A005CF436 /* Stop watchUITests */,
				C1F986E42AF9D168005CF436 /* Products */,
			);
			sourceTree = "<group>";
		};
		C1F986E42AF9D168005CF436 /* Products */ = {
			isa = PBXGroup;
			children = (
				C1F986E32AF9D168005CF436 /* Stop watch.app */,
				C1F986F32AF9D16A005CF436 /* Stop watchTests.xctest */,
				C1F986FD2AF9D16A005CF436 /* Stop watchUITests.xctest */,
			);
			name = Products;
			sourceTree = "<group>";
		};
		C1F986E52AF9D168005CF436 /* Stop watch */ = {
			isa = PBXGroup;
			children = (
				C1F986E62AF9D168005CF436 /* Stop_watchApp.swift */,
				C1F986E82AF9D168005CF436 /* ContentView.swift */,
				C1F986EA2AF9D16A005CF436 /* Assets.xcassets */,
				C1F986EC2AF9D16A005CF436 /* Preview Content */,
				C1F987102AF9D7AF005CF436 /* CircleButtonView.swift */,
			);
			path = "Stop watch";
			sourceTree = "<group>";
		};
		C1F986EC2AF9D16A005CF436 /* Preview Content */ = {
			isa = PBXGroup;
			children = (
				C1F986ED2AF9D16A005CF436 /* Preview Assets.xcassets */,
			);
			path = "Preview Content";
			sourceTree = "<group>";
		};
		C1F986F62AF9D16A005CF436 /* Stop watchTests */ = {
			isa = PBXGroup;
			children = (
				C1F986F72AF9D16A005CF436 /* Stop_watchTests.swift */,
			);
			path = "Stop watchTests";
			sourceTree = "<group>";
		};
		C1F987002AF9D16A005CF436 /* Stop watchUITests */ = {
			isa = PBXGroup;
			children = (
				C1F987012AF9D16A005CF436 /* Stop_watchUITests.swift */,
				C1F987032AF9D16A005CF436 /* Stop_watchUITestsLaunchTests.swift */,
			);
			path = "Stop watchUITests";
			sourceTree = "<group>";
		};
/* End PBXGroup section */

/* Begin PBXNativeTarget section */
		C1F986E22AF9D168005CF436 /* Stop watch */ = {
			isa = PBXNativeTarget;
			buildConfigurationList = C1F987072AF9D16A005CF436 /* Build configuration list for PBXNativeTarget "Stop watch" */;
			buildPhases = (
				C1F986DF2AF9D168005CF436 /* Sources */,
				C1F986E02AF9D168005CF436 /* Frameworks */,
				C1F986E12AF9D168005CF436 /* Resources */,
			);
			buildRules = (
			);
			dependencies = (
			);
			name = "Stop watch";
			productName = "Stop watch";
			productReference = C1F986E32AF9D168005CF436 /* Stop watch.app */;
			productType = "com.apple.product-type.application";
		};
		C1F986F22AF9D16A005CF436 /* Stop watchTests */ = {
			isa = PBXNativeTarget;
			buildConfigurationList = C1F9870A2AF9D16A005CF436 /* Build configuration list for PBXNativeTarget "Stop watchTests" */;
			buildPhases = (
				C1F986EF2AF9D16A005CF436 /* Sources */,
				C1F986F02AF9D16A005CF436 /* Frameworks */,
				C1F986F12AF9D16A005CF436 /* Resources */,
			);
			buildRules = (
			);
			dependencies = (
				C1F986F52AF9D16A005CF436 /* PBXTargetDependency */,
			);
			name = "Stop watchTests";
			productName = "Stop watchTests";
			productReference = C1F986F32AF9D16A005CF436 /* Stop watchTests.xctest */;
			productType = "com.apple.product-type.bundle.unit-test";
		};
		C1F986FC2AF9D16A005CF436 /* Stop watchUITests */ = {
			isa = PBXNativeTarget;
			buildConfigurationList = C1F9870D2AF9D16A005CF436 /* Build configuration list for PBXNativeTarget "Stop watchUITests" */;
			buildPhases = (
				C1F986F92AF9D16A005CF436 /* Sources */,
				C1F986FA2AF9D16A005CF436 /* Frameworks */,
				C1F986FB2AF9D16A005CF436 /* Resources */,
			);
			buildRules = (
			);
			dependencies = (
				C1F986FF2AF9D16A005CF436 /* PBXTargetDependency */,
			);
			name = "Stop watchUITests";
			productName = "Stop watchUITests";
			productReference = C1F986FD2AF9D16A005CF436 /* Stop watchUITests.xctest */;
			productType = "com.apple.product-type.bundle.ui-testing";
		};
/* End PBXNativeTarget section */

/* Begin PBXProject section */
		C1F986DB2AF9D168005CF436 /* Project object */ = {
			isa = PBXProject;
			attributes = {
				BuildIndependentTargetsInParallel = 1;
				LastSwiftUpdateCheck = 1500;
				LastUpgradeCheck = 1500;
				TargetAttributes = {
					C1F986E22AF9D168005CF436 = {
						CreatedOnToolsVersion = 15.0;
					};
					C1F986F22AF9D16A005CF436 = {
						CreatedOnToolsVersion = 15.0;
						TestTargetID = C1F986E22AF9D168005CF436;
					};
					C1F986FC2AF9D16A005CF436 = {
						CreatedOnToolsVersion = 15.0;
						TestTargetID = C1F986E22AF9D168005CF436;
					};
				};
			};
			buildConfigurationList = C1F986DE2AF9D168005CF436 /* Build configuration list for PBXProject "Stop watch" */;
			compatibilityVersion = "Xcode 14.0";
			developmentRegion = en;
			hasScannedForEncodings = 0;
			knownRegions = (
				en,
				Base,
			);
			mainGroup = C1F986DA2AF9D168005CF436;
			productRefGroup = C1F986E42AF9D168005CF436 /* Products */;
			projectDirPath = "";
			projectRoot = "";
			targets = (
				C1F986E22AF9D168005CF436 /* Stop watch */,
				C1F986F22AF9D16A005CF436 /* Stop watchTests */,
				C1F986FC2AF9D16A005CF436 /* Stop watchUITests */,
			);
		};
/* End PBXProject section */

/* Begin PBXResourcesBuildPhase section */
		C1F986E12AF9D168005CF436 /* Resources */ = {
			isa = PBXResourcesBuildPhase;
			buildActionMask = 2147483647;
			files = (
				C1F986EE2AF9D16A005CF436 /* Preview Assets.xcassets in Resources */,
				C1F986EB2AF9D16A005CF436 /* Assets.xcassets in Resources */,
			);
			runOnlyForDeploymentPostprocessing = 0;
		};
		C1F986F12AF9D16A005CF436 /* Resources */ = {
			isa = PBXResourcesBuildPhase;
			buildActionMask = 2147483647;
			files = (
			);
			runOnlyForDeploymentPostprocessing = 0;
		};
		C1F986FB2AF9D16A005CF436 /* Resources */ = {
			isa = PBXResourcesBuildPhase;
			buildActionMask = 2147483647;
			files = (
			);
			runOnlyForDeploymentPostprocessing = 0;
		};
/* End PBXResourcesBuildPhase section */

/* Begin PBXSourcesBuildPhase section */
		C1F986DF2AF9D168005CF436 /* Sources */ = {
			isa = PBXSourcesBuildPhase;
			buildActionMask = 2147483647;
			files = (
				C1F986E92AF9D168005CF436 /* ContentView.swift in Sources */,
				C1F987112AF9D7AF005CF436 /* CircleButtonView.swift in Sources */,
				C1F986E72AF9D168005CF436 /* Stop_watchApp.swift in Sources */,
			);
			runOnlyForDeploymentPostprocessing = 0;
		};
		C1F986EF2AF9D16A005CF436 /* Sources */ = {
			isa = PBXSourcesBuildPhase;
			buildActionMask = 2147483647;
			files = (
				C1F986F82AF9D16A005CF436 /* Stop_watchTests.swift in Sources */,
			);
			runOnlyForDeploymentPostprocessing = 0;
		};
		C1F986F92AF9D16A005CF436 /* Sources */ = {
			isa = PBXSourcesBuildPhase;
			buildActionMask = 2147483647;
			files = (
				C1F987042AF9D16A005CF436 /* Stop_watchUITestsLaunchTests.swift in Sources */,
				C1F987022AF9D16A005CF436 /* Stop_watchUITests.swift in Sources */,
			);
			runOnlyForDeploymentPostprocessing = 0;
		};
/* End PBXSourcesBuildPhase section */

/* Begin PBXTargetDependency section */
		C1F986F52AF9D16A005CF436 /* PBXTargetDependency */ = {
			isa = PBXTargetDependency;
			target = C1F986E22AF9D168005CF436 /* Stop watch */;
			targetProxy = C1F986F42AF9D16A005CF436 /* PBXContainerItemProxy */;
		};
		C1F986FF2AF9D16A005CF436 /* PBXTargetDependency */ = {
			isa = PBXTargetDependency;
			target = C1F986E22AF9D168005CF436 /* Stop watch */;
			targetProxy = C1F986FE2AF9D16A005CF436 /* PBXContainerItemProxy */;
		};
/* End PBXTargetDependency section */

/* Begin XCBuildConfiguration section */
		C1F987052AF9D16A005CF436 /* Debug */ = {
			isa = XCBuildConfiguration;
			buildSettings = {
				ALWAYS_SEARCH_USER_PATHS = NO;
				ASSETCATALOG_COMPILER_GENERATE_SWIFT_ASSET_SYMBOL_EXTENSIONS = YES;
				CLANG_ANALYZER_NONNULL = YES;
				CLANG_ANALYZER_NUMBER_OBJECT_CONVERSION = YES_AGGRESSIVE;
				CLANG_CXX_LANGUAGE_STANDARD = "gnu++20";
				CLANG_ENABLE_MODULES = YES;
				CLANG_ENABLE_OBJC_ARC = YES;
				CLANG_ENABLE_OBJC_WEAK = YES;
				CLANG_WARN_BLOCK_CAPTURE_AUTORELEASING = YES;
				CLANG_WARN_BOOL_CONVERSION = YES;
				CLANG_WARN_COMMA = YES;
				CLANG_WARN_CONSTANT_CONVERSION = YES;
				CLANG_WARN_DEPRECATED_OBJC_IMPLEMENTATIONS = YES;
				CLANG_WARN_DIRECT_OBJC_ISA_USAGE = YES_ERROR;
				CLANG_WARN_DOCUMENTATION_COMMENTS = YES;
				CLANG_WARN_EMPTY_BODY = YES;
				CLANG_WARN_ENUM_CONVERSION = YES;
				CLANG_WARN_INFINITE_RECURSION = YES;
				CLANG_WARN_INT_CONVERSION = YES;
				CLANG_WARN_NON_LITERAL_NULL_CONVERSION = YES;
				CLANG_WARN_OBJC_IMPLICIT_RETAIN_SELF = YES;
				CLANG_WARN_OBJC_LITERAL_CONVERSION = YES;
				CLANG_WARN_OBJC_ROOT_CLASS = YES_ERROR;
				CLANG_WARN_QUOTED_INCLUDE_IN_FRAMEWORK_HEADER = YES;
				CLANG_WARN_RANGE_LOOP_ANALYSIS = YES;
				CLANG_WARN_STRICT_PROTOTYPES = YES;
				CLANG_WARN_SUSPICIOUS_MOVE = YES;
				CLANG_WARN_UNGUARDED_AVAILABILITY = YES_AGGRESSIVE;
				CLANG_WARN_UNREACHABLE_CODE = YES;
				CLANG_WARN__DUPLICATE_METHOD_MATCH = YES;
				COPY_PHASE_STRIP = NO;
				DEBUG_INFORMATION_FORMAT = dwarf;
				ENABLE_STRICT_OBJC_MSGSEND = YES;
				ENABLE_TESTABILITY = YES;
				ENABLE_USER_SCRIPT_SANDBOXING = YES;
				GCC_C_LANGUAGE_STANDARD = gnu17;
				GCC_DYNAMIC_NO_PIC = NO;
				GCC_NO_COMMON_BLOCKS = YES;
				GCC_OPTIMIZATION_LEVEL = 0;
				GCC_PREPROCESSOR_DEFINITIONS = (
					"DEBUG=1",
					"$(inherited)",
				);
				GCC_WARN_64_TO_32_BIT_CONVERSION = YES;
				GCC_WARN_ABOUT_RETURN_TYPE = YES_ERROR;
				GCC_WARN_UNDECLARED_SELECTOR = YES;
				GCC_WARN_UNINITIALIZED_AUTOS = YES_AGGRESSIVE;
				GCC_WARN_UNUSED_FUNCTION = YES;
				GCC_WARN_UNUSED_VARIABLE = YES;
				IPHONEOS_DEPLOYMENT_TARGET = 17.0;
				LOCALIZATION_PREFERS_STRING_CATALOGS = YES;
				MTL_ENABLE_DEBUG_INFO = INCLUDE_SOURCE;
				MTL_FAST_MATH = YES;
				ONLY_ACTIVE_ARCH = YES;
				SDKROOT = iphoneos;
				SWIFT_ACTIVE_COMPILATION_CONDITIONS = "DEBUG $(inherited)";
				SWIFT_OPTIMIZATION_LEVEL = "-Onone";
			};
			name = Debug;
		};
		C1F987062AF9D16A005CF436 /* Release */ = {
			isa = XCBuildConfiguration;
			buildSettings = {
				ALWAYS_SEARCH_USER_PATHS = NO;
				ASSETCATALOG_COMPILER_GENERATE_SWIFT_ASSET_SYMBOL_EXTENSIONS = YES;
				CLANG_ANALYZER_NONNULL = YES;
				CLANG_ANALYZER_NUMBER_OBJECT_CONVERSION = YES_AGGRESSIVE;
				CLANG_CXX_LANGUAGE_STANDARD = "gnu++20";
				CLANG_ENABLE_MODULES = YES;
				CLANG_ENABLE_OBJC_ARC = YES;
				CLANG_ENABLE_OBJC_WEAK = YES;
				CLANG_WARN_BLOCK_CAPTURE_AUTORELEASING = YES;
				CLANG_WARN_BOOL_CONVERSION = YES;
				CLANG_WARN_COMMA = YES;
				CLANG_WARN_CONSTANT_CONVERSION = YES;
				CLANG_WARN_DEPRECATED_OBJC_IMPLEMENTATIONS = YES;
				CLANG_WARN_DIRECT_OBJC_ISA_USAGE = YES_ERROR;
				CLANG_WARN_DOCUMENTATION_COMMENTS = YES;
				CLANG_WARN_EMPTY_BODY = YES;
				CLANG_WARN_ENUM_CONVERSION = YES;
				CLANG_WARN_INFINITE_RECURSION = YES;
				CLANG_WARN_INT_CONVERSION = YES;
				CLANG_WARN_NON_LITERAL_NULL_CONVERSION = YES;
				CLANG_WARN_OBJC_IMPLICIT_RETAIN_SELF = YES;
				CLANG_WARN_OBJC_LITERAL_CONVERSION = YES;
				CLANG_WARN_OBJC_ROOT_CLASS = YES_ERROR;
				CLANG_WARN_QUOTED_INCLUDE_IN_FRAMEWORK_HEADER = YES;
				CLANG_WARN_RANGE_LOOP_ANALYSIS = YES;
				CLANG_WARN_STRICT_PROTOTYPES = YES;
				CLANG_WARN_SUSPICIOUS_MOVE = YES;
				CLANG_WARN_UNGUARDED_AVAILABILITY = YES_AGGRESSIVE;
				CLANG_WARN_UNREACHABLE_CODE = YES;
				CLANG_WARN__DUPLICATE_METHOD_MATCH = YES;
				COPY_PHASE_STRIP = NO;
				DEBUG_INFORMATION_FORMAT = "dwarf-with-dsym";
				ENABLE_NS_ASSERTIONS = NO;
				ENABLE_STRICT_OBJC_MSGSEND = YES;
				ENABLE_USER_SCRIPT_SANDBOXING = YES;
				GCC_C_LANGUAGE_STANDARD = gnu17;
				GCC_NO_COMMON_BLOCKS = YES;
				GCC_WARN_64_TO_32_BIT_CONVERSION = YES;
				GCC_WARN_ABOUT_RETURN_TYPE = YES_ERROR;
				GCC_WARN_UNDECLARED_SELECTOR = YES;
				GCC_WARN_UNINITIALIZED_AUTOS = YES_AGGRESSIVE;
				GCC_WARN_UNUSED_FUNCTION = YES;
				GCC_WARN_UNUSED_VARIABLE = YES;
				IPHONEOS_DEPLOYMENT_TARGET = 17.0;
				LOCALIZATION_PREFERS_STRING_CATALOGS = YES;
				MTL_ENABLE_DEBUG_INFO = NO;
				MTL_FAST_MATH = YES;
				SDKROOT = iphoneos;
				SWIFT_COMPILATION_MODE = wholemodule;
				VALIDATE_PRODUCT = YES;
			};
			name = Release;
		};
		C1F987082AF9D16A005CF436 /* Debug */ = {
			isa = XCBuildConfiguration;
			buildSettings = {
				ASSETCATALOG_COMPILER_APPICON_NAME = AppIcon;
				ASSETCATALOG_COMPILER_GLOBAL_ACCENT_COLOR_NAME = AccentColor;
				CODE_SIGN_STYLE = Automatic;
				CURRENT_PROJECT_VERSION = 1;
				DEVELOPMENT_ASSET_PATHS = "\"Stop watch/Preview Content\"";
				ENABLE_PREVIEWS = YES;
				GENERATE_INFOPLIST_FILE = YES;
				INFOPLIST_KEY_UIApplicationSceneManifest_Generation = YES;
				INFOPLIST_KEY_UIApplicationSupportsIndirectInputEvents = YES;
				INFOPLIST_KEY_UILaunchScreen_Generation = YES;
				INFOPLIST_KEY_UISupportedInterfaceOrientations_iPad = "UIInterfaceOrientationPortrait UIInterfaceOrientationPortraitUpsideDown UIInterfaceOrientationLandscapeLeft UIInterfaceOrientationLandscapeRight";
				INFOPLIST_KEY_UISupportedInterfaceOrientations_iPhone = "UIInterfaceOrientationPortrait UIInterfaceOrientationLandscapeLeft UIInterfaceOrientationLandscapeRight";
				LD_RUNPATH_SEARCH_PATHS = (
					"$(inherited)",
					"@executable_path/Frameworks",
				);
				MARKETING_VERSION = 1.0;
				PRODUCT_BUNDLE_IDENTIFIER = "ca.DanikaPeet.Stop-watch";
				PRODUCT_NAME = "$(TARGET_NAME)";
				SWIFT_EMIT_LOC_STRINGS = YES;
				SWIFT_VERSION = 5.0;
				TARGETED_DEVICE_FAMILY = "1,2";
			};
			name = Debug;
		};
		C1F987092AF9D16A005CF436 /* Release */ = {
			isa = XCBuildConfiguration;
			buildSettings = {
				ASSETCATALOG_COMPILER_APPICON_NAME = AppIcon;
				ASSETCATALOG_COMPILER_GLOBAL_ACCENT_COLOR_NAME = AccentColor;
				CODE_SIGN_STYLE = Automatic;
				CURRENT_PROJECT_VERSION = 1;
				DEVELOPMENT_ASSET_PATHS = "\"Stop watch/Preview Content\"";
				ENABLE_PREVIEWS = YES;
				GENERATE_INFOPLIST_FILE = YES;
				INFOPLIST_KEY_UIApplicationSceneManifest_Generation = YES;
				INFOPLIST_KEY_UIApplicationSupportsIndirectInputEvents = YES;
				INFOPLIST_KEY_UILaunchScreen_Generation = YES;
				INFOPLIST_KEY_UISupportedInterfaceOrientations_iPad = "UIInterfaceOrientationPortrait UIInterfaceOrientationPortraitUpsideDown UIInterfaceOrientationLandscapeLeft UIInterfaceOrientationLandscapeRight";
				INFOPLIST_KEY_UISupportedInterfaceOrientations_iPhone = "UIInterfaceOrientationPortrait UIInterfaceOrientationLandscapeLeft UIInterfaceOrientationLandscapeRight";
				LD_RUNPATH_SEARCH_PATHS = (
					"$(inherited)",
					"@executable_path/Frameworks",
				);
				MARKETING_VERSION = 1.0;
				PRODUCT_BUNDLE_IDENTIFIER = "ca.DanikaPeet.Stop-watch";
				PRODUCT_NAME = "$(TARGET_NAME)";
				SWIFT_EMIT_LOC_STRINGS = YES;
				SWIFT_VERSION = 5.0;
				TARGETED_DEVICE_FAMILY = "1,2";
			};
			name = Release;
		};
		C1F9870B2AF9D16A005CF436 /* Debug */ = {
			isa = XCBuildConfiguration;
			buildSettings = {
				ALWAYS_EMBED_SWIFT_STANDARD_LIBRARIES = YES;
				BUNDLE_LOADER = "$(TEST_HOST)";
				CODE_SIGN_STYLE = Automatic;
				CURRENT_PROJECT_VERSION = 1;
				GENERATE_INFOPLIST_FILE = YES;
				IPHONEOS_DEPLOYMENT_TARGET = 17.0;
				MARKETING_VERSION = 1.0;
				PRODUCT_BUNDLE_IDENTIFIER = "ca.DanikaPeet.Stop-watchTests";
				PRODUCT_NAME = "$(TARGET_NAME)";
				SWIFT_EMIT_LOC_STRINGS = NO;
				SWIFT_VERSION = 5.0;
				TARGETED_DEVICE_FAMILY = "1,2";
				TEST_HOST = "$(BUILT_PRODUCTS_DIR)/Stop watch.app/$(BUNDLE_EXECUTABLE_FOLDER_PATH)/Stop watch";
			};
			name = Debug;
		};
		C1F9870C2AF9D16A005CF436 /* Release */ = {
			isa = XCBuildConfiguration;
			buildSettings = {
				ALWAYS_EMBED_SWIFT_STANDARD_LIBRARIES = YES;
				BUNDLE_LOADER = "$(TEST_HOST)";
				CODE_SIGN_STYLE = Automatic;
				CURRENT_PROJECT_VERSION = 1;
				GENERATE_INFOPLIST_FILE = YES;
				IPHONEOS_DEPLOYMENT_TARGET = 17.0;
				MARKETING_VERSION = 1.0;
				PRODUCT_BUNDLE_IDENTIFIER = "ca.DanikaPeet.Stop-watchTests";
				PRODUCT_NAME = "$(TARGET_NAME)";
				SWIFT_EMIT_LOC_STRINGS = NO;
				SWIFT_VERSION = 5.0;
				TARGETED_DEVICE_FAMILY = "1,2";
				TEST_HOST = "$(BUILT_PRODUCTS_DIR)/Stop watch.app/$(BUNDLE_EXECUTABLE_FOLDER_PATH)/Stop watch";
			};
			name = Release;
		};
		C1F9870E2AF9D16A005CF436 /* Debug */ = {
			isa = XCBuildConfiguration;
			buildSettings = {
				ALWAYS_EMBED_SWIFT_STANDARD_LIBRARIES = YES;
				CODE_SIGN_STYLE = Automatic;
				CURRENT_PROJECT_VERSION = 1;
				GENERATE_INFOPLIST_FILE = YES;
				MARKETING_VERSION = 1.0;
				PRODUCT_BUNDLE_IDENTIFIER = "ca.DanikaPeet.Stop-watchUITests";
				PRODUCT_NAME = "$(TARGET_NAME)";
				SWIFT_EMIT_LOC_STRINGS = NO;
				SWIFT_VERSION = 5.0;
				TARGETED_DEVICE_FAMILY = "1,2";
				TEST_TARGET_NAME = "Stop watch";
			};
			name = Debug;
		};
		C1F9870F2AF9D16A005CF436 /* Release */ = {
			isa = XCBuildConfiguration;
			buildSettings = {
				ALWAYS_EMBED_SWIFT_STANDARD_LIBRARIES = YES;
				CODE_SIGN_STYLE = Automatic;
				CURRENT_PROJECT_VERSION = 1;
				GENERATE_INFOPLIST_FILE = YES;
				MARKETING_VERSION = 1.0;
				PRODUCT_BUNDLE_IDENTIFIER = "ca.DanikaPeet.Stop-watchUITests";
				PRODUCT_NAME = "$(TARGET_NAME)";
				SWIFT_EMIT_LOC_STRINGS = NO;
				SWIFT_VERSION = 5.0;
				TARGETED_DEVICE_FAMILY = "1,2";
				TEST_TARGET_NAME = "Stop watch";
			};
			name = Release;
		};
/* End XCBuildConfiguration section */

/* Begin XCConfigurationList section */
		C1F986DE2AF9D168005CF436 /* Build configuration list for PBXProject "Stop watch" */ = {
			isa = XCConfigurationList;
			buildConfigurations = (
				C1F987052AF9D16A005CF436 /* Debug */,
				C1F987062AF9D16A005CF436 /* Release */,
			);
			defaultConfigurationIsVisible = 0;
			defaultConfigurationName = Release;
		};
		C1F987072AF9D16A005CF436 /* Build configuration list for PBXNativeTarget "Stop watch" */ = {
			isa = XCConfigurationList;
			buildConfigurations = (
				C1F987082AF9D16A005CF436 /* Debug */,
				C1F987092AF9D16A005CF436 /* Release */,
			);
			defaultConfigurationIsVisible = 0;
			defaultConfigurationName = Release;
		};
		C1F9870A2AF9D16A005CF436 /* Build configuration list for PBXNativeTarget "Stop watchTests" */ = {
			isa = XCConfigurationList;
			buildConfigurations = (
				C1F9870B2AF9D16A005CF436 /* Debug */,
				C1F9870C2AF9D16A005CF436 /* Release */,
			);
			defaultConfigurationIsVisible = 0;
			defaultConfigurationName = Release;
		};
		C1F9870D2AF9D16A005CF436 /* Build configuration list for PBXNativeTarget "Stop watchUITests" */ = {
			isa = XCConfigurationList;
			buildConfigurations = (
				C1F9870E2AF9D16A005CF436 /* Debug */,
				C1F9870F2AF9D16A005CF436 /* Release */,
			);
			defaultConfigurationIsVisible = 0;
			defaultConfigurationName = Release;
		};
/* End XCConfigurationList section */
	};
	rootObject = C1F986DB2AF9D168005CF436 /* Project object */;
}
